# This file is autogenerated, do not edit; changes may be undone by the next 'dep ensure'.


[[projects]]
  digest = "1:6d5a057da97a9dbdb10e7beedd2f43452b6bf7691001c0c8886e8dacf5610349"
  name = "bou.ke/monkey"
  packages = ["."]
  pruneopts = ""
  revision = "bdf6dea004c6fd1cdf4b25da8ad45a606c09409a"
  version = "v1.0.1"

[[projects]]
  digest = "1:95480c434d71605ec2786d37770970ad560a0902ae151551533d10662deb8153"
  name = "github.com/otiai10/gosseract"
  packages = ["."]
  pruneopts = ""
  revision = "5bb1d6fc20fa3fafb3236d6c93c393369e4b38d9"
  version = "v2.2.1"

[[projects]]
  digest = "1:a313d379890f6fe1471686105e4a355019769e872d33dfe08376734b4c44e22a"
  name = "github.com/otiai10/marmoset"
  packages = ["."]
  pruneopts = ""
  revision = "2adcf18928cbc73d640249eed0ac8e49ce4bdcb8"
  version = "0.4.0"

[[projects]]
  digest = "1:62d6b41fe9d057eff28e73e2555b07d6452669fd3ae50cc1efb4456bce1fd71b"
  name = "github.com/otiai10/mint"
  packages = ["."]
  pruneopts = ""
  revision = "8151274669299c20b45d5199f7fde456181b711e"
  version = "v1.2.1"

[[projects]]
  branch = "master"
  digest = "1:1e9704e5379e68ac473c28aeb3f7e7cd4036ae8a246bf0285b5ebdbb8e0cfacf"
  name = "golang.org/x/net"
  packages = ["context"]
  pruneopts = ""
  revision = "d26f9f9a57f3fab6a695bec0d84433c2c50f8bbf"

[solve-meta]
  analyzer-name = "dep"
  analyzer-version = 1
  input-imports = [
    "github.com/otiai10/gosseract",
    "github.com/otiai10/marmoset",
    "github.com/otiai10/mint",
  ]
  solver-name = "gps-cdcl"
  solver-version = 1
