# This file is autogenerated, do not edit; changes may be undone by the next 'dep ensure'.


[[projects]]
  name = "github.com/otiai10/gosseract"
  packages = ["."]
  revision = "b026a6fd291f00736db60738f4e83a79d26359cb"
  version = "v2.2.0"

[[projects]]
  name = "github.com/otiai10/marmoset"
  packages = ["."]
  revision = "af97a62a537539c23bf36f5d982a4a90948cab53"
  version = "0.2.0"

[[projects]]
  name = "github.com/otiai10/mint"
  packages = ["."]
  revision = "35730131bb808e17c9f26f1204a9bcc6f9e12fb4"
  version = "1.1"

[[projects]]
  branch = "master"
  name = "golang.org/x/net"
  packages = ["context"]
  revision = "db08ff08e8622530d9ed3a0e8ac279f6d4c02196"

[solve-meta]
  analyzer-name = "dep"
  analyzer-version = 1
  inputs-digest = "2a183618197df42683b3f75074298b30e47c1c16fc832231be53534cf31e6b2d"
  solver-name = "gps-cdcl"
  solver-version = 1
